{
  "name": "diabolic-chat",
  "lockfileVersion": 1,
  "dependencies": {
    "barbe": {
      "version": "2.2.1",
      "resolved": "https://registry.npmjs.org/barbe/-/barbe-2.2.1.tgz",
      "integrity": "sha1-wHSRNEm7qjz8rUWJXoa+OdltFUQ="
    },
    "emojer": {
      "version": "1.0.6",
      "resolved": "https://registry.npmjs.org/emojer/-/emojer-1.0.6.tgz",
      "integrity": "sha1-vO0vLCWpRkZtk4V8Ne6V03Cjpwk="
    },
    "match-all": {
      "version": "1.2.2",
      "resolved": "https://registry.npmjs.org/match-all/-/match-all-1.2.2.tgz",
      "integrity": "sha1-vFQOVTJ9Byfx+CNs7hQOhmptLAE="
    },
    "regex-emoji": {
      "version": "2.0.5",
      "resolved": "https://registry.npmjs.org/regex-emoji/-/regex-emoji-2.0.5.tgz",
      "integrity": "sha1-rHRlRq9de8o8SwaIPIXeP5aN1Yg="
    },
    "regex-escape": {
      "version": "3.4.6",
      "resolved": "https://registry.npmjs.org/regex-escape/-/regex-escape-3.4.6.tgz",
      "integrity": "sha1-Wjk6n8oqKT9gknYRui+RIgAqURs="
    }
  }
}
